
Microsoft Visual Studio Solution File, Format Version 12.00
# Visual Studio Version 17
VisualStudioVersion = 17.12.35521.163
MinimumVisualStudioVersion = 10.0.40219.1
Project("{FAE04EC0-301F-11D3-BF4B-00C04F79EFBC}") = "TICapacitacion.DemoID.Biblioteca", "TICapacitacion.DemoID.Biblioteca\TICapacitacion.DemoID.Biblioteca.csproj", "{1D443B6C-2CFA-4A11-AB95-DF0F8EA92640}"
EndProject
Project("{FAE04EC0-301F-11D3-BF4B-00C04F79EFBC}") = "TICapacitacion.DemoID.ConsolaApp", "TICapacitacion.DemoID.ConsolaApp\TICapacitacion.DemoID.ConsolaApp.csproj", "{AA5614B3-1C69-405A-88DC-F691497DA9F4}"
EndProject
Project("{FAE04EC0-301F-11D3-BF4B-00C04F79EFBC}") = "TICapacitacion.DemoID.WinFormsApp", "TICapacitacion.DemoID.WinFormsApp\TICapacitacion.DemoID.WinFormsApp.csproj", "{F3C008DA-EDBB-48E8-B310-E80B44A3D52C}"
EndProject
Project("{2150E333-8FDC-42A3-9474-1A3956D46DE8}") = "Sesion_1234", "Sesion_1234", "{211837A4-202A-4527-9E82-3DF12DFBB1A9}"
EndProject
Project("{2150E333-8FDC-42A3-9474-1A3956D46DE8}") = "Sesion_4567", "Sesion_4567", "{F2C2473F-5260-46CA-8FBA-07B01892E124}"
EndProject
Project("{FAE04EC0-301F-11D3-BF4B-00C04F79EFBC}") = "TICapacitacion.DemoID.BibliotecaS4", "TICapacitacion.DemoID.BibliotecaS4\TICapacitacion.DemoID.BibliotecaS4.csproj", "{81667B73-0786-455E-AC5E-F0C51B81981C}"
EndProject
Project("{FAE04EC0-301F-11D3-BF4B-00C04F79EFBC}") = "TICapacitacion.DemoID.ConsolaAppS4", "TICapacitacion.DemoID.ConsolaAppS4\TICapacitacion.DemoID.ConsolaAppS4.csproj", "{CDF1C951-EF94-422B-9C18-E1AB46694CE9}"
EndProject
Project("{2150E333-8FDC-42A3-9474-1A3956D46DE8}") = "Sesion_6789", "Sesion_6789", "{527E96B7-9FC2-4727-BBAC-D4F07952D0B7}"
EndProject
Project("{FAE04EC0-301F-11D3-BF4B-00C04F79EFBC}") = "TICapacitacion.DemoID.BibliotecaS6", "TICapacitacion.DemoID.BibliotecaS6\TICapacitacion.DemoID.BibliotecaS6.csproj", "{1D06C637-2B82-4D63-9EE1-0B9B26A19B3E}"
EndProject
Project("{FAE04EC0-301F-11D3-BF4B-00C04F79EFBC}") = "TICapacitacion.DemoID.WebHost", "TICapacitacion.DemoID.WebHost\TICapacitacion.DemoID.WebHost.csproj", "{7CBCE51B-6233-41DA-9E76-735B0B8D8F12}"
EndProject
Project("{FAE04EC0-301F-11D3-BF4B-00C04F79EFBC}") = "TICapacitacion.DemoID.WebApp", "TICapacitacion.DemoID.WebApp\TICapacitacion.DemoID.WebApp.csproj", "{DF325BA0-AFCE-4DB5-B8BC-FEA579F028D5}"
EndProject
Project("{2150E333-8FDC-42A3-9474-1A3956D46DE8}") = "Sesion_78910", "Sesion_78910", "{02EA681E-C7D8-13C7-8484-4AC65E1B71E8}"
EndProject
Project("{FAE04EC0-301F-11D3-BF4B-00C04F79EFBC}") = "TICapacitacion.DemoID.BibliotecaS7", "TICapacitacion.DemoID.BibliotecaS7\TICapacitacion.DemoID.BibliotecaS7.csproj", "{809C5A84-39C0-4044-906F-A6D2C9D3A750}"
EndProject
Project("{FAE04EC0-301F-11D3-BF4B-00C04F79EFBC}") = "TICapacitacion.DemoID.ConsolaAppS7", "TICapacitacion.DemoID.ConsolaAppS7\TICapacitacion.DemoID.ConsolaAppS7.csproj", "{939DE54E-4514-4575-B9B7-80D039E9B7EA}"
EndProject
Project("{2150E333-8FDC-42A3-9474-1A3956D46DE8}") = "Sesion_9", "Sesion_9", "{EED034B3-53D4-4F90-8FCD-9B94B870FD55}"
EndProject
Project("{FAE04EC0-301F-11D3-BF4B-00C04F79EFBC}") = "TICapacitacion.DemoID.BibliotecaS9", "TICapacitacion.DemoID.BibliotecaS9\TICapacitacion.DemoID.BibliotecaS9.csproj", "{118E837F-FE07-4220-8F19-2A3B9B140DC8}"
EndProject
Project("{FAE04EC0-301F-11D3-BF4B-00C04F79EFBC}") = "TICapacitacion.DemoID.ConsolaAppS9", "TICapacitacion.DemoID.ConsolaAppS9\TICapacitacion.DemoID.ConsolaAppS9.csproj", "{E71CD54C-0514-4534-8C5C-B33C318B9054}"
EndProject
Global
	GlobalSection(SolutionConfigurationPlatforms) = preSolution
		Debug|Any CPU = Debug|Any CPU
		Release|Any CPU = Release|Any CPU
	EndGlobalSection
	GlobalSection(ProjectConfigurationPlatforms) = postSolution
		{1D443B6C-2CFA-4A11-AB95-DF0F8EA92640}.Debug|Any CPU.ActiveCfg = Debug|Any CPU
		{1D443B6C-2CFA-4A11-AB95-DF0F8EA92640}.Debug|Any CPU.Build.0 = Debug|Any CPU
		{1D443B6C-2CFA-4A11-AB95-DF0F8EA92640}.Release|Any CPU.ActiveCfg = Release|Any CPU
		{1D443B6C-2CFA-4A11-AB95-DF0F8EA92640}.Release|Any CPU.Build.0 = Release|Any CPU
		{AA5614B3-1C69-405A-88DC-F691497DA9F4}.Debug|Any CPU.ActiveCfg = Debug|Any CPU
		{AA5614B3-1C69-405A-88DC-F691497DA9F4}.Debug|Any CPU.Build.0 = Debug|Any CPU
		{AA5614B3-1C69-405A-88DC-F691497DA9F4}.Release|Any CPU.ActiveCfg = Release|Any CPU
		{AA5614B3-1C69-405A-88DC-F691497DA9F4}.Release|Any CPU.Build.0 = Release|Any CPU
		{F3C008DA-EDBB-48E8-B310-E80B44A3D52C}.Debug|Any CPU.ActiveCfg = Debug|Any CPU
		{F3C008DA-EDBB-48E8-B310-E80B44A3D52C}.Debug|Any CPU.Build.0 = Debug|Any CPU
		{F3C008DA-EDBB-48E8-B310-E80B44A3D52C}.Release|Any CPU.ActiveCfg = Release|Any CPU
		{F3C008DA-EDBB-48E8-B310-E80B44A3D52C}.Release|Any CPU.Build.0 = Release|Any CPU
		{81667B73-0786-455E-AC5E-F0C51B81981C}.Debug|Any CPU.ActiveCfg = Debug|Any CPU
		{81667B73-0786-455E-AC5E-F0C51B81981C}.Debug|Any CPU.Build.0 = Debug|Any CPU
		{81667B73-0786-455E-AC5E-F0C51B81981C}.Release|Any CPU.ActiveCfg = Release|Any CPU
		{81667B73-0786-455E-AC5E-F0C51B81981C}.Release|Any CPU.Build.0 = Release|Any CPU
		{CDF1C951-EF94-422B-9C18-E1AB46694CE9}.Debug|Any CPU.ActiveCfg = Debug|Any CPU
		{CDF1C951-EF94-422B-9C18-E1AB46694CE9}.Debug|Any CPU.Build.0 = Debug|Any CPU
		{CDF1C951-EF94-422B-9C18-E1AB46694CE9}.Release|Any CPU.ActiveCfg = Release|Any CPU
		{CDF1C951-EF94-422B-9C18-E1AB46694CE9}.Release|Any CPU.Build.0 = Release|Any CPU
		{1D06C637-2B82-4D63-9EE1-0B9B26A19B3E}.Debug|Any CPU.ActiveCfg = Debug|Any CPU
		{1D06C637-2B82-4D63-9EE1-0B9B26A19B3E}.Debug|Any CPU.Build.0 = Debug|Any CPU
		{1D06C637-2B82-4D63-9EE1-0B9B26A19B3E}.Release|Any CPU.ActiveCfg = Release|Any CPU
		{1D06C637-2B82-4D63-9EE1-0B9B26A19B3E}.Release|Any CPU.Build.0 = Release|Any CPU
		{7CBCE51B-6233-41DA-9E76-735B0B8D8F12}.Debug|Any CPU.ActiveCfg = Debug|Any CPU
		{7CBCE51B-6233-41DA-9E76-735B0B8D8F12}.Debug|Any CPU.Build.0 = Debug|Any CPU
		{7CBCE51B-6233-41DA-9E76-735B0B8D8F12}.Release|Any CPU.ActiveCfg = Release|Any CPU
		{7CBCE51B-6233-41DA-9E76-735B0B8D8F12}.Release|Any CPU.Build.0 = Release|Any CPU
		{DF325BA0-AFCE-4DB5-B8BC-FEA579F028D5}.Debug|Any CPU.ActiveCfg = Debug|Any CPU
		{DF325BA0-AFCE-4DB5-B8BC-FEA579F028D5}.Debug|Any CPU.Build.0 = Debug|Any CPU
		{DF325BA0-AFCE-4DB5-B8BC-FEA579F028D5}.Release|Any CPU.ActiveCfg = Release|Any CPU
		{DF325BA0-AFCE-4DB5-B8BC-FEA579F028D5}.Release|Any CPU.Build.0 = Release|Any CPU
		{809C5A84-39C0-4044-906F-A6D2C9D3A750}.Debug|Any CPU.ActiveCfg = Debug|Any CPU
		{809C5A84-39C0-4044-906F-A6D2C9D3A750}.Debug|Any CPU.Build.0 = Debug|Any CPU
		{809C5A84-39C0-4044-906F-A6D2C9D3A750}.Release|Any CPU.ActiveCfg = Release|Any CPU
		{809C5A84-39C0-4044-906F-A6D2C9D3A750}.Release|Any CPU.Build.0 = Release|Any CPU
		{939DE54E-4514-4575-B9B7-80D039E9B7EA}.Debug|Any CPU.ActiveCfg = Debug|Any CPU
		{939DE54E-4514-4575-B9B7-80D039E9B7EA}.Debug|Any CPU.Build.0 = Debug|Any CPU
		{939DE54E-4514-4575-B9B7-80D039E9B7EA}.Release|Any CPU.ActiveCfg = Release|Any CPU
		{939DE54E-4514-4575-B9B7-80D039E9B7EA}.Release|Any CPU.Build.0 = Release|Any CPU
		{118E837F-FE07-4220-8F19-2A3B9B140DC8}.Debug|Any CPU.ActiveCfg = Debug|Any CPU
		{118E837F-FE07-4220-8F19-2A3B9B140DC8}.Debug|Any CPU.Build.0 = Debug|Any CPU
		{118E837F-FE07-4220-8F19-2A3B9B140DC8}.Release|Any CPU.ActiveCfg = Release|Any CPU
		{118E837F-FE07-4220-8F19-2A3B9B140DC8}.Release|Any CPU.Build.0 = Release|Any CPU
		{E71CD54C-0514-4534-8C5C-B33C318B9054}.Debug|Any CPU.ActiveCfg = Debug|Any CPU
		{E71CD54C-0514-4534-8C5C-B33C318B9054}.Debug|Any CPU.Build.0 = Debug|Any CPU
		{E71CD54C-0514-4534-8C5C-B33C318B9054}.Release|Any CPU.ActiveCfg = Release|Any CPU
		{E71CD54C-0514-4534-8C5C-B33C318B9054}.Release|Any CPU.Build.0 = Release|Any CPU
	EndGlobalSection
	GlobalSection(SolutionProperties) = preSolution
		HideSolutionNode = FALSE
	EndGlobalSection
	GlobalSection(NestedProjects) = preSolution
		{1D443B6C-2CFA-4A11-AB95-DF0F8EA92640} = {211837A4-202A-4527-9E82-3DF12DFBB1A9}
		{AA5614B3-1C69-405A-88DC-F691497DA9F4} = {211837A4-202A-4527-9E82-3DF12DFBB1A9}
		{F3C008DA-EDBB-48E8-B310-E80B44A3D52C} = {211837A4-202A-4527-9E82-3DF12DFBB1A9}
		{81667B73-0786-455E-AC5E-F0C51B81981C} = {F2C2473F-5260-46CA-8FBA-07B01892E124}
		{CDF1C951-EF94-422B-9C18-E1AB46694CE9} = {F2C2473F-5260-46CA-8FBA-07B01892E124}
		{1D06C637-2B82-4D63-9EE1-0B9B26A19B3E} = {527E96B7-9FC2-4727-BBAC-D4F07952D0B7}
		{7CBCE51B-6233-41DA-9E76-735B0B8D8F12} = {527E96B7-9FC2-4727-BBAC-D4F07952D0B7}
		{DF325BA0-AFCE-4DB5-B8BC-FEA579F028D5} = {527E96B7-9FC2-4727-BBAC-D4F07952D0B7}
		{809C5A84-39C0-4044-906F-A6D2C9D3A750} = {02EA681E-C7D8-13C7-8484-4AC65E1B71E8}
		{939DE54E-4514-4575-B9B7-80D039E9B7EA} = {02EA681E-C7D8-13C7-8484-4AC65E1B71E8}
		{118E837F-FE07-4220-8F19-2A3B9B140DC8} = {EED034B3-53D4-4F90-8FCD-9B94B870FD55}
		{E71CD54C-0514-4534-8C5C-B33C318B9054} = {EED034B3-53D4-4F90-8FCD-9B94B870FD55}
	EndGlobalSection
	GlobalSection(ExtensibilityGlobals) = postSolution
		SolutionGuid = {142390E9-B8B8-42AA-B1CD-9EEA43DFFDA3}
	EndGlobalSection
EndGlobal
